
Microsoft Visual Studio Solution File, Format Version 12.00
# Visual Studio Version 17
VisualStudioVersion = 17.4.33213.308
MinimumVisualStudioVersion = 10.0.40219.1
Project("{FAE04EC0-301F-11D3-BF4B-00C04F79EFBC}") = "ServiceControl", "ServiceControl\ServiceControl.csproj", "{73FBCD2A-8D4A-41CD-9BCA-446735674FEC}"
EndProject
Project("{FAE04EC0-301F-11D3-BF4B-00C04F79EFBC}") = "NModbus4", "..\NModbus4\NModbus4\NModbus4.csproj", "{A3A3EBBE-E25B-4005-AE40-B76105A127EA}"
EndProject
Global
	GlobalSection(SolutionConfigurationPlatforms) = preSolution
		Debug|Any CPU = Debug|Any CPU
		Release|Any CPU = Release|Any CPU
	EndGlobalSection
	GlobalSection(ProjectConfigurationPlatforms) = postSolution
		{73FBCD2A-8D4A-41CD-9BCA-446735674FEC}.Debug|Any CPU.ActiveCfg = Debug|Any CPU
		{73FBCD2A-8D4A-41CD-9BCA-446735674FEC}.Debug|Any CPU.Build.0 = Debug|Any CPU
		{73FBCD2A-8D4A-41CD-9BCA-446735674FEC}.Release|Any CPU.ActiveCfg = Release|Any CPU
		{73FBCD2A-8D4A-41CD-9BCA-446735674FEC}.Release|Any CPU.Build.0 = Release|Any CPU
		{A3A3EBBE-E25B-4005-AE40-B76105A127EA}.Debug|Any CPU.ActiveCfg = Debug|Any CPU
		{A3A3EBBE-E25B-4005-AE40-B76105A127EA}.Debug|Any CPU.Build.0 = Debug|Any CPU
		{A3A3EBBE-E25B-4005-AE40-B76105A127EA}.Release|Any CPU.ActiveCfg = Release|Any CPU
		{A3A3EBBE-E25B-4005-AE40-B76105A127EA}.Release|Any CPU.Build.0 = Release|Any CPU
	EndGlobalSection
	GlobalSection(SolutionProperties) = preSolution
		HideSolutionNode = FALSE
	EndGlobalSection
	GlobalSection(ExtensibilityGlobals) = postSolution
		SolutionGuid = {BC820C16-2357-411E-AB6C-26EB5CF9EF69}
	EndGlobalSection
EndGlobal
